// !$*UTF8*$!
{
	archiveVersion = 1;
	classes = {
	};
	objectVersion = 50;
	objects = {

/* Begin PBXBuildFile section */
		49F200BE25729F4E00D7B7A2 /* xplatApp.swift in Sources */ = {isa = PBXBuildFile; fileRef = 49F200AB25729F4D00D7B7A2 /* xplatApp.swift */; };
		49F200BF25729F4E00D7B7A2 /* xplatApp.swift in Sources */ = {isa = PBXBuildFile; fileRef = 49F200AB25729F4D00D7B7A2 /* xplatApp.swift */; };
		49F200C025729F4E00D7B7A2 /* ContentView.swift in Sources */ = {isa = PBXBuildFile; fileRef = 49F200AC25729F4D00D7B7A2 /* ContentView.swift */; };
		49F200C125729F4E00D7B7A2 /* ContentView.swift in Sources */ = {isa = PBXBuildFile; fileRef = 49F200AC25729F4D00D7B7A2 /* ContentView.swift */; };
		49F200C225729F4E00D7B7A2 /* Assets.xcassets in Resources */ = {isa = PBXBuildFile; fileRef = 49F200AD25729F4E00D7B7A2 /* Assets.xcassets */; };
		49F200C325729F4E00D7B7A2 /* Assets.xcassets in Resources */ = {isa = PBXBuildFile; fileRef = 49F200AD25729F4E00D7B7A2 /* Assets.xcassets */; };
		B53AB5EB257BC77800646E22 /* CloseButton.swift in Sources */ = {isa = PBXBuildFile; fileRef = B53AB5EA257BC77800646E22 /* CloseButton.swift */; };
		B53AB5EC257BC77800646E22 /* CloseButton.swift in Sources */ = {isa = PBXBuildFile; fileRef = B53AB5EA257BC77800646E22 /* CloseButton.swift */; };
		B53AB5F0257BCE5500646E22 /* CourseDetail.swift in Sources */ = {isa = PBXBuildFile; fileRef = B53AB5EF257BCE5500646E22 /* CourseDetail.swift */; };
		B53AB5F1257BCE5500646E22 /* CourseDetail.swift in Sources */ = {isa = PBXBuildFile; fileRef = B53AB5EF257BCE5500646E22 /* CourseDetail.swift */; };
		B53AB5FB257BD7B300646E22 /* Tutorial.swift in Sources */ = {isa = PBXBuildFile; fileRef = B53AB5F4257BD7B300646E22 /* Tutorial.swift */; };
		B53AB5FC257BD7B300646E22 /* Tutorial.swift in Sources */ = {isa = PBXBuildFile; fileRef = B53AB5F4257BD7B300646E22 /* Tutorial.swift */; };
		B53AB5FD257BD7B300646E22 /* Livestream.swift in Sources */ = {isa = PBXBuildFile; fileRef = B53AB5F5257BD7B300646E22 /* Livestream.swift */; };
		B53AB5FE257BD7B300646E22 /* Livestream.swift in Sources */ = {isa = PBXBuildFile; fileRef = B53AB5F5257BD7B300646E22 /* Livestream.swift */; };
		B53AB5FF257BD7B300646E22 /* GradientModel.swift in Sources */ = {isa = PBXBuildFile; fileRef = B53AB5F6257BD7B300646E22 /* GradientModel.swift */; };
		B53AB600257BD7B300646E22 /* GradientModel.swift in Sources */ = {isa = PBXBuildFile; fileRef = B53AB5F6257BD7B300646E22 /* GradientModel.swift */; };
		B53AB601257BD7B300646E22 /* LivestreamSection.swift in Sources */ = {isa = PBXBuildFile; fileRef = B53AB5F7257BD7B300646E22 /* LivestreamSection.swift */; };
		B53AB602257BD7B300646E22 /* LivestreamSection.swift in Sources */ = {isa = PBXBuildFile; fileRef = B53AB5F7257BD7B300646E22 /* LivestreamSection.swift */; };
		B53AB603257BD7B300646E22 /* CourseSection.swift in Sources */ = {isa = PBXBuildFile; fileRef = B53AB5F8257BD7B300646E22 /* CourseSection.swift */; };
		B53AB604257BD7B300646E22 /* CourseSection.swift in Sources */ = {isa = PBXBuildFile; fileRef = B53AB5F8257BD7B300646E22 /* CourseSection.swift */; };
		B53AB605257BD7B300646E22 /* Download.swift in Sources */ = {isa = PBXBuildFile; fileRef = B53AB5F9257BD7B300646E22 /* Download.swift */; };
		B53AB606257BD7B300646E22 /* Download.swift in Sources */ = {isa = PBXBuildFile; fileRef = B53AB5F9257BD7B300646E22 /* Download.swift */; };
		B53AB607257BD7B300646E22 /* TutorialSection.swift in Sources */ = {isa = PBXBuildFile; fileRef = B53AB5FA257BD7B300646E22 /* TutorialSection.swift */; };
		B53AB608257BD7B300646E22 /* TutorialSection.swift in Sources */ = {isa = PBXBuildFile; fileRef = B53AB5FA257BD7B300646E22 /* TutorialSection.swift */; };
		B53AB610257BE11A00646E22 /* VisualEffectBlur.swift in Sources */ = {isa = PBXBuildFile; fileRef = B53AB60F257BE11A00646E22 /* VisualEffectBlur.swift */; };
		B53AB614257BE12A00646E22 /* VisualEffectBlur.swift in Sources */ = {isa = PBXBuildFile; fileRef = B53AB613257BE12A00646E22 /* VisualEffectBlur.swift */; };
		B5609ACB257A6C4000746714 /* CourseRow.swift in Sources */ = {isa = PBXBuildFile; fileRef = B5609ACA257A6C3F00746714 /* CourseRow.swift */; };
		B5609ACC257A6C4000746714 /* CourseRow.swift in Sources */ = {isa = PBXBuildFile; fileRef = B5609ACA257A6C3F00746714 /* CourseRow.swift */; };
		B5609AD2257A730900746714 /* CoursesView.swift in Sources */ = {isa = PBXBuildFile; fileRef = B5609AD1257A730900746714 /* CoursesView.swift */; };
		B5609AD3257A730900746714 /* CoursesView.swift in Sources */ = {isa = PBXBuildFile; fileRef = B5609AD1257A730900746714 /* CoursesView.swift */; };
		B5609AD7257A744E00746714 /* Sidebar.swift in Sources */ = {isa = PBXBuildFile; fileRef = B5609AD6257A744E00746714 /* Sidebar.swift */; };
		B5609AD8257A744E00746714 /* Sidebar.swift in Sources */ = {isa = PBXBuildFile; fileRef = B5609AD6257A744E00746714 /* Sidebar.swift */; };
		B5609ADC257A88CF00746714 /* CourseLogo.swift in Sources */ = {isa = PBXBuildFile; fileRef = B5609ADB257A88CF00746714 /* CourseLogo.swift */; };
		B5609ADD257A88CF00746714 /* CourseLogo.swift in Sources */ = {isa = PBXBuildFile; fileRef = B5609ADB257A88CF00746714 /* CourseLogo.swift */; };
		B5609AEA257A8CA800746714 /* CourseContentList.swift in Sources */ = {isa = PBXBuildFile; fileRef = B5609AE9257A8CA800746714 /* CourseContentList.swift */; };
		B5609AEB257A8CA800746714 /* CourseContentList.swift in Sources */ = {isa = PBXBuildFile; fileRef = B5609AE9257A8CA800746714 /* CourseContentList.swift */; };
		B5609AF5257B983700746714 /* Course.swift in Sources */ = {isa = PBXBuildFile; fileRef = B5609AF4257B983700746714 /* Course.swift */; };
		B5609AF6257B983800746714 /* Course.swift in Sources */ = {isa = PBXBuildFile; fileRef = B5609AF4257B983700746714 /* Course.swift */; };
		B5E9C335257D0E22005CE431 /* TabBar.swift in Sources */ = {isa = PBXBuildFile; fileRef = B5E9C334257D0E22005CE431 /* TabBar.swift */; };
		B5E9C339257D1E18005CE431 /* CourseSectionDetail.swift in Sources */ = {isa = PBXBuildFile; fileRef = B5E9C338257D1E18005CE431 /* CourseSectionDetail.swift */; };
		B5E9C33C257D29E7005CE431 /* CourseSectionDetail.swift in Sources */ = {isa = PBXBuildFile; fileRef = B5E9C338257D1E18005CE431 /* CourseSectionDetail.swift */; };
		B5E9C358257D3E60005CE431 /* LibraryContent.swift in Sources */ = {isa = PBXBuildFile; fileRef = B5E9C357257D3E60005CE431 /* LibraryContent.swift */; };
		B5E9C359257D3E60005CE431 /* LibraryContent.swift in Sources */ = {isa = PBXBuildFile; fileRef = B5E9C357257D3E60005CE431 /* LibraryContent.swift */; };
/* End PBXBuildFile section */

/* Begin PBXFileReference section */
		49F200AB25729F4D00D7B7A2 /* xplatApp.swift */ = {isa = PBXFileReference; lastKnownFileType = sourcecode.swift; path = xplatApp.swift; sourceTree = "<group>"; };
		49F200AC25729F4D00D7B7A2 /* ContentView.swift */ = {isa = PBXFileReference; lastKnownFileType = sourcecode.swift; path = ContentView.swift; sourceTree = "<group>"; };
		49F200AD25729F4E00D7B7A2 /* Assets.xcassets */ = {isa = PBXFileReference; lastKnownFileType = folder.assetcatalog; path = Assets.xcassets; sourceTree = "<group>"; };
		49F200B225729F4E00D7B7A2 /* xplat.app */ = {isa = PBXFileReference; explicitFileType = wrapper.application; includeInIndex = 0; path = xplat.app; sourceTree = BUILT_PRODUCTS_DIR; };
		49F200B525729F4E00D7B7A2 /* Info.plist */ = {isa = PBXFileReference; lastKnownFileType = text.plist.xml; path = Info.plist; sourceTree = "<group>"; };
		49F200BA25729F4E00D7B7A2 /* xplat.app */ = {isa = PBXFileReference; explicitFileType = wrapper.application; includeInIndex = 0; path = xplat.app; sourceTree = BUILT_PRODUCTS_DIR; };
		49F200BC25729F4E00D7B7A2 /* Info.plist */ = {isa = PBXFileReference; lastKnownFileType = text.plist.xml; path = Info.plist; sourceTree = "<group>"; };
		49F200BD25729F4E00D7B7A2 /* macOS.entitlements */ = {isa = PBXFileReference; lastKnownFileType = text.plist.entitlements; path = macOS.entitlements; sourceTree = "<group>"; };
		B53AB5EA257BC77800646E22 /* CloseButton.swift */ = {isa = PBXFileReference; lastKnownFileType = sourcecode.swift; path = CloseButton.swift; sourceTree = "<group>"; };
		B53AB5EF257BCE5500646E22 /* CourseDetail.swift */ = {isa = PBXFileReference; lastKnownFileType = sourcecode.swift; path = CourseDetail.swift; sourceTree = "<group>"; };
		B53AB5F4257BD7B300646E22 /* Tutorial.swift */ = {isa = PBXFileReference; fileEncoding = 4; lastKnownFileType = sourcecode.swift; path = Tutorial.swift; sourceTree = "<group>"; };
		B53AB5F5257BD7B300646E22 /* Livestream.swift */ = {isa = PBXFileReference; fileEncoding = 4; lastKnownFileType = sourcecode.swift; path = Livestream.swift; sourceTree = "<group>"; };
		B53AB5F6257BD7B300646E22 /* GradientModel.swift */ = {isa = PBXFileReference; fileEncoding = 4; lastKnownFileType = sourcecode.swift; path = GradientModel.swift; sourceTree = "<group>"; };
		B53AB5F7257BD7B300646E22 /* LivestreamSection.swift */ = {isa = PBXFileReference; fileEncoding = 4; lastKnownFileType = sourcecode.swift; path = LivestreamSection.swift; sourceTree = "<group>"; };
		B53AB5F8257BD7B300646E22 /* CourseSection.swift */ = {isa = PBXFileReference; fileEncoding = 4; lastKnownFileType = sourcecode.swift; path = CourseSection.swift; sourceTree = "<group>"; };
		B53AB5F9257BD7B300646E22 /* Download.swift */ = {isa = PBXFileReference; fileEncoding = 4; lastKnownFileType = sourcecode.swift; path = Download.swift; sourceTree = "<group>"; };
		B53AB5FA257BD7B300646E22 /* TutorialSection.swift */ = {isa = PBXFileReference; fileEncoding = 4; lastKnownFileType = sourcecode.swift; path = TutorialSection.swift; sourceTree = "<group>"; };
		B53AB60F257BE11A00646E22 /* VisualEffectBlur.swift */ = {isa = PBXFileReference; fileEncoding = 4; lastKnownFileType = sourcecode.swift; path = VisualEffectBlur.swift; sourceTree = "<group>"; };
		B53AB613257BE12A00646E22 /* VisualEffectBlur.swift */ = {isa = PBXFileReference; fileEncoding = 4; lastKnownFileType = sourcecode.swift; path = VisualEffectBlur.swift; sourceTree = "<group>"; };
		B5609ACA257A6C3F00746714 /* CourseRow.swift */ = {isa = PBXFileReference; lastKnownFileType = sourcecode.swift; path = CourseRow.swift; sourceTree = "<group>"; };
		B5609AD1257A730900746714 /* CoursesView.swift */ = {isa = PBXFileReference; lastKnownFileType = sourcecode.swift; path = CoursesView.swift; sourceTree = "<group>"; };
		B5609AD6257A744E00746714 /* Sidebar.swift */ = {isa = PBXFileReference; lastKnownFileType = sourcecode.swift; path = Sidebar.swift; sourceTree = "<group>"; };
		B5609ADB257A88CF00746714 /* CourseLogo.swift */ = {isa = PBXFileReference; lastKnownFileType = sourcecode.swift; path = CourseLogo.swift; sourceTree = "<group>"; };
		B5609AE9257A8CA800746714 /* CourseContentList.swift */ = {isa = PBXFileReference; lastKnownFileType = sourcecode.swift; path = CourseContentList.swift; sourceTree = "<group>"; };
		B5609AF4257B983700746714 /* Course.swift */ = {isa = PBXFileReference; lastKnownFileType = sourcecode.swift; path = Course.swift; sourceTree = "<group>"; };
		B5E9C334257D0E22005CE431 /* TabBar.swift */ = {isa = PBXFileReference; lastKnownFileType = sourcecode.swift; path = TabBar.swift; sourceTree = "<group>"; };
		B5E9C338257D1E18005CE431 /* CourseSectionDetail.swift */ = {isa = PBXFileReference; lastKnownFileType = sourcecode.swift; path = CourseSectionDetail.swift; sourceTree = "<group>"; };
		B5E9C357257D3E60005CE431 /* LibraryContent.swift */ = {isa = PBXFileReference; lastKnownFileType = sourcecode.swift; path = LibraryContent.swift; sourceTree = "<group>"; };
/* End PBXFileReference section */

/* Begin PBXFrameworksBuildPhase section */
		49F200AF25729F4E00D7B7A2 /* Frameworks */ = {
			isa = PBXFrameworksBuildPhase;
			buildActionMask = 2147483647;
			files = (
			);
			runOnlyForDeploymentPostprocessing = 0;
		};
		49F200B725729F4E00D7B7A2 /* Frameworks */ = {
			isa = PBXFrameworksBuildPhase;
			buildActionMask = 2147483647;
			files = (
			);
			runOnlyForDeploymentPostprocessing = 0;
		};
/* End PBXFrameworksBuildPhase section */

/* Begin PBXGroup section */
		49F200A525729F4C00D7B7A2 = {
			isa = PBXGroup;
			children = (
				49F200B325729F4E00D7B7A2 /* Products */,
				49F200B425729F4E00D7B7A2 /* iOS */,
				49F200BB25729F4E00D7B7A2 /* macOS */,
				49F200AA25729F4D00D7B7A2 /* Shared */,
			);
			sourceTree = "<group>";
		};
		49F200AA25729F4D00D7B7A2 /* Shared */ = {
			isa = PBXGroup;
			children = (
				B5E9C341257D38C4005CE431 /* Course */,
				B5E9C35E257D4175005CE431 /* Library */,
				49F200AB25729F4D00D7B7A2 /* xplatApp.swift */,
				49F200AD25729F4E00D7B7A2 /* Assets.xcassets */,
				B5609AF9257BAEA500746714 /* Models */,
				B5609AE0257A8C0100746714 /* Navigation */,
			);
			path = Shared;
			sourceTree = "<group>";
		};
		49F200B325729F4E00D7B7A2 /* Products */ = {
			isa = PBXGroup;
			children = (
				49F200B225729F4E00D7B7A2 /* xplat.app */,
				49F200BA25729F4E00D7B7A2 /* xplat.app */,
			);
			name = Products;
			sourceTree = "<group>";
		};
		49F200B425729F4E00D7B7A2 /* iOS */ = {
			isa = PBXGroup;
			children = (
				B53AB60F257BE11A00646E22 /* VisualEffectBlur.swift */,
				49F200B525729F4E00D7B7A2 /* Info.plist */,
			);
			path = iOS;
			sourceTree = "<group>";
		};
		49F200BB25729F4E00D7B7A2 /* macOS */ = {
			isa = PBXGroup;
			children = (
				B53AB613257BE12A00646E22 /* VisualEffectBlur.swift */,
				49F200BC25729F4E00D7B7A2 /* Info.plist */,
				49F200BD25729F4E00D7B7A2 /* macOS.entitlements */,
			);
			path = macOS;
			sourceTree = "<group>";
		};
		B5609AE0257A8C0100746714 /* Navigation */ = {
			isa = PBXGroup;
			children = (
				B5609AD6257A744E00746714 /* Sidebar.swift */,
				49F200AC25729F4D00D7B7A2 /* ContentView.swift */,
				B5E9C334257D0E22005CE431 /* TabBar.swift */,
			);
			path = Navigation;
			sourceTree = "<group>";
		};
		B5609AF9257BAEA500746714 /* Models */ = {
			isa = PBXGroup;
			children = (
				B53AB5F9257BD7B300646E22 /* Download.swift */,
				B53AB5F6257BD7B300646E22 /* GradientModel.swift */,
				B53AB5F5257BD7B300646E22 /* Livestream.swift */,
				B53AB5F7257BD7B300646E22 /* LivestreamSection.swift */,
				B53AB5F4257BD7B300646E22 /* Tutorial.swift */,
				B53AB5FA257BD7B300646E22 /* TutorialSection.swift */,
			);
			path = Models;
			sourceTree = "<group>";
		};
		B5E9C341257D38C4005CE431 /* Course */ = {
			isa = PBXGroup;
			children = (
				B5E9C345257D3900005CE431 /* Components */,
				B5E9C342257D38EC005CE431 /* Models */,
				B5E9C34C257D3939005CE431 /* Views */,
			);
			path = Course;
			sourceTree = "<group>";
		};
		B5E9C342257D38EC005CE431 /* Models */ = {
			isa = PBXGroup;
			children = (
				B5609AF4257B983700746714 /* Course.swift */,
				B53AB5F8257BD7B300646E22 /* CourseSection.swift */,
			);
			path = Models;
			sourceTree = "<group>";
		};
		B5E9C345257D3900005CE431 /* Components */ = {
			isa = PBXGroup;
			children = (
				B5609AE9257A8CA800746714 /* CourseContentList.swift */,
				B5E9C338257D1E18005CE431 /* CourseSectionDetail.swift */,
				B5609ACA257A6C3F00746714 /* CourseRow.swift */,
				B5609ADB257A88CF00746714 /* CourseLogo.swift */,
			);
			path = Components;
			sourceTree = "<group>";
		};
		B5E9C34C257D3939005CE431 /* Views */ = {
			isa = PBXGroup;
			children = (
				B53AB5EF257BCE5500646E22 /* CourseDetail.swift */,
				B5609AD1257A730900746714 /* CoursesView.swift */,
			);
			path = Views;
			sourceTree = "<group>";
		};
		B5E9C35E257D4175005CE431 /* Library */ = {
			isa = PBXGroup;
			children = (
				B5E9C357257D3E60005CE431 /* LibraryContent.swift */,
				B53AB5EA257BC77800646E22 /* CloseButton.swift */,
			);
			path = Library;
			sourceTree = "<group>";
		};
/* End PBXGroup section */

/* Begin PBXNativeTarget section */
		49F200B125729F4E00D7B7A2 /* xplat (iOS) */ = {
			isa = PBXNativeTarget;
			buildConfigurationList = 49F200C625729F4E00D7B7A2 /* Build configuration list for PBXNativeTarget "xplat (iOS)" */;
			buildPhases = (
				49F200AE25729F4E00D7B7A2 /* Sources */,
				49F200AF25729F4E00D7B7A2 /* Frameworks */,
				49F200B025729F4E00D7B7A2 /* Resources */,
			);
			buildRules = (
			);
			dependencies = (
			);
			name = "xplat (iOS)";
			productName = "xplat (iOS)";
			productReference = 49F200B225729F4E00D7B7A2 /* xplat.app */;
			productType = "com.apple.product-type.application";
		};
		49F200B925729F4E00D7B7A2 /* xplat (macOS) */ = {
			isa = PBXNativeTarget;
			buildConfigurationList = 49F200C925729F4E00D7B7A2 /* Build configuration list for PBXNativeTarget "xplat (macOS)" */;
			buildPhases = (
				49F200B625729F4E00D7B7A2 /* Sources */,
				49F200B725729F4E00D7B7A2 /* Frameworks */,
				49F200B825729F4E00D7B7A2 /* Resources */,
			);
			buildRules = (
			);
			dependencies = (
			);
			name = "xplat (macOS)";
			productName = "xplat (macOS)";
			productReference = 49F200BA25729F4E00D7B7A2 /* xplat.app */;
			productType = "com.apple.product-type.application";
		};
/* End PBXNativeTarget section */

/* Begin PBXProject section */
		49F200A625729F4C00D7B7A2 /* Project object */ = {
			isa = PBXProject;
			attributes = {
				LastSwiftUpdateCheck = 1220;
				LastUpgradeCheck = 1220;
				TargetAttributes = {
					49F200B125729F4E00D7B7A2 = {
						CreatedOnToolsVersion = 12.2;
					};
					49F200B925729F4E00D7B7A2 = {
						CreatedOnToolsVersion = 12.2;
					};
				};
			};
			buildConfigurationList = 49F200A925729F4C00D7B7A2 /* Build configuration list for PBXProject "xplat" */;
			compatibilityVersion = "Xcode 9.3";
			developmentRegion = en;
			hasScannedForEncodings = 0;
			knownRegions = (
				en,
				Base,
			);
			mainGroup = 49F200A525729F4C00D7B7A2;
			productRefGroup = 49F200B325729F4E00D7B7A2 /* Products */;
			projectDirPath = "";
			projectRoot = "";
			targets = (
				49F200B125729F4E00D7B7A2 /* xplat (iOS) */,
				49F200B925729F4E00D7B7A2 /* xplat (macOS) */,
			);
		};
/* End PBXProject section */

/* Begin PBXResourcesBuildPhase section */
		49F200B025729F4E00D7B7A2 /* Resources */ = {
			isa = PBXResourcesBuildPhase;
			buildActionMask = 2147483647;
			files = (
				49F200C225729F4E00D7B7A2 /* Assets.xcassets in Resources */,
			);
			runOnlyForDeploymentPostprocessing = 0;
		};
		49F200B825729F4E00D7B7A2 /* Resources */ = {
			isa = PBXResourcesBuildPhase;
			buildActionMask = 2147483647;
			files = (
				49F200C325729F4E00D7B7A2 /* Assets.xcassets in Resources */,
			);
			runOnlyForDeploymentPostprocessing = 0;
		};
/* End PBXResourcesBuildPhase section */

/* Begin PBXSourcesBuildPhase section */
		49F200AE25729F4E00D7B7A2 /* Sources */ = {
			isa = PBXSourcesBuildPhase;
			buildActionMask = 2147483647;
			files = (
				B5609AF5257B983700746714 /* Course.swift in Sources */,
				B5E9C339257D1E18005CE431 /* CourseSectionDetail.swift in Sources */,
				B53AB605257BD7B300646E22 /* Download.swift in Sources */,
				B5E9C335257D0E22005CE431 /* TabBar.swift in Sources */,
				B5609AD7257A744E00746714 /* Sidebar.swift in Sources */,
				B5609ADC257A88CF00746714 /* CourseLogo.swift in Sources */,
				B53AB5F0257BCE5500646E22 /* CourseDetail.swift in Sources */,
				B53AB603257BD7B300646E22 /* CourseSection.swift in Sources */,
				B53AB5FB257BD7B300646E22 /* Tutorial.swift in Sources */,
				B53AB5EB257BC77800646E22 /* CloseButton.swift in Sources */,
				49F200C025729F4E00D7B7A2 /* ContentView.swift in Sources */,
				B53AB5FD257BD7B300646E22 /* Livestream.swift in Sources */,
				B5609ACB257A6C4000746714 /* CourseRow.swift in Sources */,
				B53AB5FF257BD7B300646E22 /* GradientModel.swift in Sources */,
				49F200BE25729F4E00D7B7A2 /* xplatApp.swift in Sources */,
				B53AB601257BD7B300646E22 /* LivestreamSection.swift in Sources */,
				B53AB607257BD7B300646E22 /* TutorialSection.swift in Sources */,
				B53AB610257BE11A00646E22 /* VisualEffectBlur.swift in Sources */,
				B5609AD2257A730900746714 /* CoursesView.swift in Sources */,
				B5E9C358257D3E60005CE431 /* LibraryContent.swift in Sources */,
				B5609AEA257A8CA800746714 /* CourseContentList.swift in Sources */,
			);
			runOnlyForDeploymentPostprocessing = 0;
		};
		49F200B625729F4E00D7B7A2 /* Sources */ = {
			isa = PBXSourcesBuildPhase;
			buildActionMask = 2147483647;
			files = (
				B5609AF6257B983800746714 /* Course.swift in Sources */,
				B53AB606257BD7B300646E22 /* Download.swift in Sources */,
				B5609AD8257A744E00746714 /* Sidebar.swift in Sources */,
				B5609ADD257A88CF00746714 /* CourseLogo.swift in Sources */,
				B53AB5F1257BCE5500646E22 /* CourseDetail.swift in Sources */,
				B53AB604257BD7B300646E22 /* CourseSection.swift in Sources */,
				B53AB5FC257BD7B300646E22 /* Tutorial.swift in Sources */,
				B53AB5EC257BC77800646E22 /* CloseButton.swift in Sources */,
				B5E9C33C257D29E7005CE431 /* CourseSectionDetail.swift in Sources */,
				49F200C125729F4E00D7B7A2 /* ContentView.swift in Sources */,
				B53AB5FE257BD7B300646E22 /* Livestream.swift in Sources */,
				B5609ACC257A6C4000746714 /* CourseRow.swift in Sources */,
				B53AB600257BD7B300646E22 /* GradientModel.swift in Sources */,
				49F200BF25729F4E00D7B7A2 /* xplatApp.swift in Sources */,
				B53AB602257BD7B300646E22 /* LivestreamSection.swift in Sources */,
				B53AB608257BD7B300646E22 /* TutorialSection.swift in Sources */,
				B53AB614257BE12A00646E22 /* VisualEffectBlur.swift in Sources */,
				B5609AD3257A730900746714 /* CoursesView.swift in Sources */,
				B5609AEB257A8CA800746714 /* CourseContentList.swift in Sources */,
				B5E9C359257D3E60005CE431 /* LibraryContent.swift in Sources */,
			);
			runOnlyForDeploymentPostprocessing = 0;
		};
/* End PBXSourcesBuildPhase section */

/* Begin XCBuildConfiguration section */
		49F200C425729F4E00D7B7A2 /* Debug */ = {
			isa = XCBuildConfiguration;
			buildSettings = {
				ALWAYS_SEARCH_USER_PATHS = NO;
				CLANG_ANALYZER_NONNULL = YES;
				CLANG_ANALYZER_NUMBER_OBJECT_CONVERSION = YES_AGGRESSIVE;
				CLANG_CXX_LANGUAGE_STANDARD = "gnu++14";
				CLANG_CXX_LIBRARY = "libc++";
				CLANG_ENABLE_MODULES = YES;
				CLANG_ENABLE_OBJC_ARC = YES;
				CLANG_ENABLE_OBJC_WEAK = YES;
				CLANG_WARN_BLOCK_CAPTURE_AUTORELEASING = YES;
				CLANG_WARN_BOOL_CONVERSION = YES;
				CLANG_WARN_COMMA = YES;
				CLANG_WARN_CONSTANT_CONVERSION = YES;
				CLANG_WARN_DEPRECATED_OBJC_IMPLEMENTATIONS = YES;
				CLANG_WARN_DIRECT_OBJC_ISA_USAGE = YES_ERROR;
				CLANG_WARN_DOCUMENTATION_COMMENTS = YES;
				CLANG_WARN_EMPTY_BODY = YES;
				CLANG_WARN_ENUM_CONVERSION = YES;
				CLANG_WARN_INFINITE_RECURSION = YES;
				CLANG_WARN_INT_CONVERSION = YES;
				CLANG_WARN_NON_LITERAL_NULL_CONVERSION = YES;
				CLANG_WARN_OBJC_IMPLICIT_RETAIN_SELF = YES;
				CLANG_WARN_OBJC_LITERAL_CONVERSION = YES;
				CLANG_WARN_OBJC_ROOT_CLASS = YES_ERROR;
				CLANG_WARN_QUOTED_INCLUDE_IN_FRAMEWORK_HEADER = YES;
				CLANG_WARN_RANGE_LOOP_ANALYSIS = YES;
				CLANG_WARN_STRICT_PROTOTYPES = YES;
				CLANG_WARN_SUSPICIOUS_MOVE = YES;
				CLANG_WARN_UNGUARDED_AVAILABILITY = YES_AGGRESSIVE;
				CLANG_WARN_UNREACHABLE_CODE = YES;
				CLANG_WARN__DUPLICATE_METHOD_MATCH = YES;
				COPY_PHASE_STRIP = NO;
				DEBUG_INFORMATION_FORMAT = dwarf;
				ENABLE_STRICT_OBJC_MSGSEND = YES;
				ENABLE_TESTABILITY = YES;
				GCC_C_LANGUAGE_STANDARD = gnu11;
				GCC_DYNAMIC_NO_PIC = NO;
				GCC_NO_COMMON_BLOCKS = YES;
				GCC_OPTIMIZATION_LEVEL = 0;
				GCC_PREPROCESSOR_DEFINITIONS = (
					"DEBUG=1",
					"$(inherited)",
				);
				GCC_WARN_64_TO_32_BIT_CONVERSION = YES;
				GCC_WARN_ABOUT_RETURN_TYPE = YES_ERROR;
				GCC_WARN_UNDECLARED_SELECTOR = YES;
				GCC_WARN_UNINITIALIZED_AUTOS = YES_AGGRESSIVE;
				GCC_WARN_UNUSED_FUNCTION = YES;
				GCC_WARN_UNUSED_VARIABLE = YES;
				MTL_ENABLE_DEBUG_INFO = INCLUDE_SOURCE;
				MTL_FAST_MATH = YES;
				ONLY_ACTIVE_ARCH = YES;
				OTHER_LDFLAGS = "\"-Xlinker -interposable\"";
				SWIFT_ACTIVE_COMPILATION_CONDITIONS = DEBUG;
				SWIFT_OPTIMIZATION_LEVEL = "-Onone";
			};
			name = Debug;
		};
		49F200C525729F4E00D7B7A2 /* Release */ = {
			isa = XCBuildConfiguration;
			buildSettings = {
				ALWAYS_SEARCH_USER_PATHS = NO;
				CLANG_ANALYZER_NONNULL = YES;
				CLANG_ANALYZER_NUMBER_OBJECT_CONVERSION = YES_AGGRESSIVE;
				CLANG_CXX_LANGUAGE_STANDARD = "gnu++14";
				CLANG_CXX_LIBRARY = "libc++";
				CLANG_ENABLE_MODULES = YES;
				CLANG_ENABLE_OBJC_ARC = YES;
				CLANG_ENABLE_OBJC_WEAK = YES;
				CLANG_WARN_BLOCK_CAPTURE_AUTORELEASING = YES;
				CLANG_WARN_BOOL_CONVERSION = YES;
				CLANG_WARN_COMMA = YES;
				CLANG_WARN_CONSTANT_CONVERSION = YES;
				CLANG_WARN_DEPRECATED_OBJC_IMPLEMENTATIONS = YES;
				CLANG_WARN_DIRECT_OBJC_ISA_USAGE = YES_ERROR;
				CLANG_WARN_DOCUMENTATION_COMMENTS = YES;
				CLANG_WARN_EMPTY_BODY = YES;
				CLANG_WARN_ENUM_CONVERSION = YES;
				CLANG_WARN_INFINITE_RECURSION = YES;
				CLANG_WARN_INT_CONVERSION = YES;
				CLANG_WARN_NON_LITERAL_NULL_CONVERSION = YES;
				CLANG_WARN_OBJC_IMPLICIT_RETAIN_SELF = YES;
				CLANG_WARN_OBJC_LITERAL_CONVERSION = YES;
				CLANG_WARN_OBJC_ROOT_CLASS = YES_ERROR;
				CLANG_WARN_QUOTED_INCLUDE_IN_FRAMEWORK_HEADER = YES;
				CLANG_WARN_RANGE_LOOP_ANALYSIS = YES;
				CLANG_WARN_STRICT_PROTOTYPES = YES;
				CLANG_WARN_SUSPICIOUS_MOVE = YES;
				CLANG_WARN_UNGUARDED_AVAILABILITY = YES_AGGRESSIVE;
				CLANG_WARN_UNREACHABLE_CODE = YES;
				CLANG_WARN__DUPLICATE_METHOD_MATCH = YES;
				COPY_PHASE_STRIP = NO;
				DEBUG_INFORMATION_FORMAT = "dwarf-with-dsym";
				ENABLE_NS_ASSERTIONS = NO;
				ENABLE_STRICT_OBJC_MSGSEND = YES;
				GCC_C_LANGUAGE_STANDARD = gnu11;
				GCC_NO_COMMON_BLOCKS = YES;
				GCC_WARN_64_TO_32_BIT_CONVERSION = YES;
				GCC_WARN_ABOUT_RETURN_TYPE = YES_ERROR;
				GCC_WARN_UNDECLARED_SELECTOR = YES;
				GCC_WARN_UNINITIALIZED_AUTOS = YES_AGGRESSIVE;
				GCC_WARN_UNUSED_FUNCTION = YES;
				GCC_WARN_UNUSED_VARIABLE = YES;
				MTL_ENABLE_DEBUG_INFO = NO;
				MTL_FAST_MATH = YES;
				OTHER_LDFLAGS = "\"-Xlinker -interposable\"";
				SWIFT_COMPILATION_MODE = wholemodule;
				SWIFT_OPTIMIZATION_LEVEL = "-O";
			};
			name = Release;
		};
		49F200C725729F4E00D7B7A2 /* Debug */ = {
			isa = XCBuildConfiguration;
			buildSettings = {
				ASSETCATALOG_COMPILER_APPICON_NAME = AppIcon;
				ASSETCATALOG_COMPILER_GLOBAL_ACCENT_COLOR_NAME = AccentColor;
				CODE_SIGN_STYLE = Automatic;
				DEVELOPMENT_TEAM = UZ84G4P8A7;
				ENABLE_PREVIEWS = YES;
				INFOPLIST_FILE = iOS/Info.plist;
				IPHONEOS_DEPLOYMENT_TARGET = 14.0;
				LD_RUNPATH_SEARCH_PATHS = (
					"$(inherited)",
					"@executable_path/Frameworks",
				);
				PRODUCT_BUNDLE_IDENTIFIER = com.cimbis.xplat.xplat;
				PRODUCT_NAME = xplat;
				SDKROOT = iphoneos;
				SWIFT_VERSION = 5.0;
				TARGETED_DEVICE_FAMILY = "1,2";
			};
			name = Debug;
		};
		49F200C825729F4E00D7B7A2 /* Release */ = {
			isa = XCBuildConfiguration;
			buildSettings = {
				ASSETCATALOG_COMPILER_APPICON_NAME = AppIcon;
				ASSETCATALOG_COMPILER_GLOBAL_ACCENT_COLOR_NAME = AccentColor;
				CODE_SIGN_STYLE = Automatic;
				DEVELOPMENT_TEAM = UZ84G4P8A7;
				ENABLE_PREVIEWS = YES;
				INFOPLIST_FILE = iOS/Info.plist;
				IPHONEOS_DEPLOYMENT_TARGET = 14.0;
				LD_RUNPATH_SEARCH_PATHS = (
					"$(inherited)",
					"@executable_path/Frameworks",
				);
				PRODUCT_BUNDLE_IDENTIFIER = com.cimbis.xplat.xplat;
				PRODUCT_NAME = xplat;
				SDKROOT = iphoneos;
				SWIFT_VERSION = 5.0;
				TARGETED_DEVICE_FAMILY = "1,2";
				VALIDATE_PRODUCT = YES;
			};
			name = Release;
		};
		49F200CA25729F4E00D7B7A2 /* Debug */ = {
			isa = XCBuildConfiguration;
			buildSettings = {
				ASSETCATALOG_COMPILER_APPICON_NAME = AppIcon;
				ASSETCATALOG_COMPILER_GLOBAL_ACCENT_COLOR_NAME = AccentColor;
				CODE_SIGN_ENTITLEMENTS = macOS/macOS.entitlements;
				CODE_SIGN_STYLE = Automatic;
				COMBINE_HIDPI_IMAGES = YES;
				DEVELOPMENT_TEAM = UZ84G4P8A7;
				ENABLE_HARDENED_RUNTIME = YES;
				ENABLE_PREVIEWS = YES;
				INFOPLIST_FILE = macOS/Info.plist;
				LD_RUNPATH_SEARCH_PATHS = (
					"$(inherited)",
					"@executable_path/../Frameworks",
				);
				MACOSX_DEPLOYMENT_TARGET = 11.0;
				PRODUCT_BUNDLE_IDENTIFIER = com.cimbis.xplat.xplat;
				PRODUCT_NAME = xplat;
				SDKROOT = macosx;
				SWIFT_VERSION = 5.0;
			};
			name = Debug;
		};
		49F200CB25729F4E00D7B7A2 /* Release */ = {
			isa = XCBuildConfiguration;
			buildSettings = {
				ASSETCATALOG_COMPILER_APPICON_NAME = AppIcon;
				ASSETCATALOG_COMPILER_GLOBAL_ACCENT_COLOR_NAME = AccentColor;
				CODE_SIGN_ENTITLEMENTS = macOS/macOS.entitlements;
				CODE_SIGN_STYLE = Automatic;
				COMBINE_HIDPI_IMAGES = YES;
				DEVELOPMENT_TEAM = UZ84G4P8A7;
				ENABLE_HARDENED_RUNTIME = YES;
				ENABLE_PREVIEWS = YES;
				INFOPLIST_FILE = macOS/Info.plist;
				LD_RUNPATH_SEARCH_PATHS = (
					"$(inherited)",
					"@executable_path/../Frameworks",
				);
				MACOSX_DEPLOYMENT_TARGET = 11.0;
				PRODUCT_BUNDLE_IDENTIFIER = com.cimbis.xplat.xplat;
				PRODUCT_NAME = xplat;
				SDKROOT = macosx;
				SWIFT_VERSION = 5.0;
			};
			name = Release;
		};
/* End XCBuildConfiguration section */

/* Begin XCConfigurationList section */
		49F200A925729F4C00D7B7A2 /* Build configuration list for PBXProject "xplat" */ = {
			isa = XCConfigurationList;
			buildConfigurations = (
				49F200C425729F4E00D7B7A2 /* Debug */,
				49F200C525729F4E00D7B7A2 /* Release */,
			);
			defaultConfigurationIsVisible = 0;
			defaultConfigurationName = Release;
		};
		49F200C625729F4E00D7B7A2 /* Build configuration list for PBXNativeTarget "xplat (iOS)" */ = {
			isa = XCConfigurationList;
			buildConfigurations = (
				49F200C725729F4E00D7B7A2 /* Debug */,
				49F200C825729F4E00D7B7A2 /* Release */,
			);
			defaultConfigurationIsVisible = 0;
			defaultConfigurationName = Release;
		};
		49F200C925729F4E00D7B7A2 /* Build configuration list for PBXNativeTarget "xplat (macOS)" */ = {
			isa = XCConfigurationList;
			buildConfigurations = (
				49F200CA25729F4E00D7B7A2 /* Debug */,
				49F200CB25729F4E00D7B7A2 /* Release */,
			);
			defaultConfigurationIsVisible = 0;
			defaultConfigurationName = Release;
		};
/* End XCConfigurationList section */
	};
	rootObject = 49F200A625729F4C00D7B7A2 /* Project object */;
}
